{
  "version": 4,
  "terraform_version": "1.12.2",
  "serial": 2,
  "lineage": "fabfa666-8ba7-3916-2aa0-f7d407abad2c",
  "outputs": {
    "passwords": {
      "value": {
        "active": "HnB{XwgIqnk3uDg4",
        "backup": "",
        "metadata": {
          "active_length": 16,
          "backup_length": 0,
          "last_updated": "2025-09-15T09:51:17Z",
          "operation": "regenerate_active"
        }
      },
      "type": [
        "object",
        {
          "active": "string",
          "backup": "string",
          "metadata": [
            "object",
            {
              "active_length": "number",
              "backup_length": "number",
              "last_updated": "string",
              "operation": "string"
            }
          ]
        }
      ],
      "sensitive": true
    }
  },
  "resources": [
    {
      "module": "module.passwords",
      "mode": "managed",
      "type": "random_password",
      "name": "active",
      "provider": "provider[\"registry.terraform.io/hashicorp/random\"]",
      "instances": [
        {
          "index_key": 0,
          "schema_version": 3,
          "attributes": {
            "bcrypt_hash": "$2a$10$rmzWqce8V95BF7SVX5dGouwH2Zo3rA/IF7emp2R0Ugx55AQjYo54C",
            "id": "none",
            "keepers": null,
            "length": 16,
            "lower": true,
            "min_lower": 0,
            "min_numeric": 0,
            "min_special": 0,
            "min_upper": 0,
            "number": true,
            "numeric": true,
            "override_special": null,
            "result": "HnB{XwgIqnk3uDg4",
            "special": true,
            "upper": true
          },
          "sensitive_attributes": [
            [
              {
                "type": "get_attr",
                "value": "bcrypt_hash"
              }
            ],
            [
              {
                "type": "get_attr",
                "value": "result"
              }
            ]
          ],
          "identity_schema_version": 0
        }
      ]
    }
  ],
  "check_results": [
    {
      "object_kind": "var",
      "config_addr": "module.passwords.var.operation_mode",
      "status": "pass",
      "objects": [
        {
          "object_addr": "module.passwords.var.operation_mode",
          "status": "pass"
        }
      ]
    },
    {
      "object_kind": "var",
      "config_addr": "module.passwords.var.password_length",
      "status": "pass",
      "objects": [
        {
          "object_addr": "module.passwords.var.password_length",
          "status": "pass"
        }
      ]
    }
  ]
}
